{
  "name": "project-ex02",
  "version": "1.0.0",
  "lockfileVersion": 2,
  "requires": true,
  "packages": {
    "": {
      "name": "project-ex02",
      "version": "1.0.0",
      "license": "ISC",
      "dependencies": {
        "posco-ict-math": "file:../posco-ict-math"
      }
    },
    "../posco-ict-math": {
      "version": "1.0.0",
      "license": "ISC"
    },
    "node_modules/posco-ict-math": {
      "resolved": "../posco-ict-math",
      "link": true
    }
  },
  "dependencies": {
    "posco-ict-math": {
      "version": "file:../posco-ict-math"
    }
  }
}
