{
  "name": "ex06",
  "version": "1.0.0",
  "lockfileVersion": 2,
  "requires": true,
  "packages": {
    "": {
      "name": "ex06",
      "version": "1.0.0",
      "license": "ISC",
      "dependencies": {
        "react-addons-update": "^15.6.3"
      }
    },
    "node_modules/object-assign": {
      "version": "4.1.1",
      "resolved": "https://registry.npmjs.org/object-assign/-/object-assign-4.1.1.tgz",
      "integrity": "sha1-IQmtx5ZYh8/AXLvUQsrIv7s2CGM=",
      "engines": {
        "node": ">=0.10.0"
      }
    },
    "node_modules/react-addons-update": {
      "version": "15.6.3",
      "resolved": "https://registry.npmjs.org/react-addons-update/-/react-addons-update-15.6.3.tgz",
      "integrity": "sha512-wBkjgx5cR0XTjZEz5jl2kScChrjI9T7rWVdaM0dLiIdHSgeHycLRdHPPiTgKk7vK18Od4rXmLJv91qofBXlE0A==",
      "dependencies": {
        "object-assign": "^4.1.0"
      }
    }
  },
  "dependencies": {
    "object-assign": {
      "version": "4.1.1",
      "resolved": "https://registry.npmjs.org/object-assign/-/object-assign-4.1.1.tgz",
      "integrity": "sha1-IQmtx5ZYh8/AXLvUQsrIv7s2CGM="
    },
    "react-addons-update": {
      "version": "15.6.3",
      "resolved": "https://registry.npmjs.org/react-addons-update/-/react-addons-update-15.6.3.tgz",
      "integrity": "sha512-wBkjgx5cR0XTjZEz5jl2kScChrjI9T7rWVdaM0dLiIdHSgeHycLRdHPPiTgKk7vK18Od4rXmLJv91qofBXlE0A==",
      "requires": {
        "object-assign": "^4.1.0"
      }
    }
  }
}
